
Microsoft Visual Studio Solution File, Format Version 12.00
# Visual Studio 15
VisualStudioVersion = 15.0.28307.329
MinimumVisualStudioVersion = 10.0.40219.1
Project("{FAE04EC0-301F-11D3-BF4B-00C04F79EFBC}") = "OtherTesting", "Other\OtherTesting.csproj", "{40323B0E-22BA-4B9E-B15C-C1E9D0DE6D48}"
EndProject
Global
	GlobalSection(SolutionConfigurationPlatforms) = preSolution
		Debug|Any CPU = Debug|Any CPU
		Release|Any CPU = Release|Any CPU
	EndGlobalSection
	GlobalSection(ProjectConfigurationPlatforms) = postSolution
		{40323B0E-22BA-4B9E-B15C-C1E9D0DE6D48}.Debug|Any CPU.ActiveCfg = Debug|Any CPU
		{40323B0E-22BA-4B9E-B15C-C1E9D0DE6D48}.Debug|Any CPU.Build.0 = Debug|Any CPU
		{40323B0E-22BA-4B9E-B15C-C1E9D0DE6D48}.Release|Any CPU.ActiveCfg = Release|Any CPU
		{40323B0E-22BA-4B9E-B15C-C1E9D0DE6D48}.Release|Any CPU.Build.0 = Release|Any CPU
	EndGlobalSection
	GlobalSection(SolutionProperties) = preSolution
		HideSolutionNode = FALSE
	EndGlobalSection
	GlobalSection(ExtensibilityGlobals) = postSolution
		SolutionGuid = {3A6DBC11-DDA3-452D-A448-BFBDD130D9CE}
	EndGlobalSection
EndGlobal
