
Microsoft Visual Studio Solution File, Format Version 12.00
# Visual Studio 15
VisualStudioVersion = 15.0.28307.329
MinimumVisualStudioVersion = 10.0.40219.1
Project("{9A19103F-16F7-4668-BE54-9A1E7A4F7556}") = "OOPTesting", "ConsoleApp1\OOPTesting.csproj", "{737F270E-FC6E-47A3-8297-4642CECD079C}"
EndProject
Global
	GlobalSection(SolutionConfigurationPlatforms) = preSolution
		Debug|Any CPU = Debug|Any CPU
		Release|Any CPU = Release|Any CPU
	EndGlobalSection
	GlobalSection(ProjectConfigurationPlatforms) = postSolution
		{737F270E-FC6E-47A3-8297-4642CECD079C}.Debug|Any CPU.ActiveCfg = Debug|Any CPU
		{737F270E-FC6E-47A3-8297-4642CECD079C}.Debug|Any CPU.Build.0 = Debug|Any CPU
		{737F270E-FC6E-47A3-8297-4642CECD079C}.Release|Any CPU.ActiveCfg = Release|Any CPU
		{737F270E-FC6E-47A3-8297-4642CECD079C}.Release|Any CPU.Build.0 = Release|Any CPU
	EndGlobalSection
	GlobalSection(SolutionProperties) = preSolution
		HideSolutionNode = FALSE
	EndGlobalSection
	GlobalSection(ExtensibilityGlobals) = postSolution
		SolutionGuid = {D3B3D8CF-E4FA-44CC-A927-05DE3705B8F3}
	EndGlobalSection
EndGlobal
