
Microsoft Visual Studio Solution File, Format Version 12.00
# Visual Studio 15
VisualStudioVersion = 15.0.28307.329
MinimumVisualStudioVersion = 10.0.40219.1
Project("{FAE04EC0-301F-11D3-BF4B-00C04F79EFBC}") = "EventsTesting", "EventsTesting\EventsTesting.csproj", "{E8CB73F4-E52F-47D5-83C4-0CDB1B327D12}"
EndProject
Global
	GlobalSection(SolutionConfigurationPlatforms) = preSolution
		Debug|Any CPU = Debug|Any CPU
		Release|Any CPU = Release|Any CPU
	EndGlobalSection
	GlobalSection(ProjectConfigurationPlatforms) = postSolution
		{E8CB73F4-E52F-47D5-83C4-0CDB1B327D12}.Debug|Any CPU.ActiveCfg = Debug|Any CPU
		{E8CB73F4-E52F-47D5-83C4-0CDB1B327D12}.Debug|Any CPU.Build.0 = Debug|Any CPU
		{E8CB73F4-E52F-47D5-83C4-0CDB1B327D12}.Release|Any CPU.ActiveCfg = Release|Any CPU
		{E8CB73F4-E52F-47D5-83C4-0CDB1B327D12}.Release|Any CPU.Build.0 = Release|Any CPU
	EndGlobalSection
	GlobalSection(SolutionProperties) = preSolution
		HideSolutionNode = FALSE
	EndGlobalSection
	GlobalSection(ExtensibilityGlobals) = postSolution
		SolutionGuid = {7AD31227-9669-40FE-9EA0-5FBD0FA7163B}
	EndGlobalSection
EndGlobal
